
Microsoft Visual Studio Solution File, Format Version 12.00
# Visual Studio 14
VisualStudioVersion = 14.0.23107.0
MinimumVisualStudioVersion = 10.0.40219.1
Project("{FAE04EC0-301F-11D3-BF4B-00C04F79EFBC}") = "CashRegister.Core", "Core\CashRegister.Core.csproj", "{0BDE128E-0FB7-4EE0-A3D5-A449DC01D78E}"
EndProject
Project("{2150E333-8FDC-42A3-9474-1A3956D46DE8}") = "Core", "Core", "{DFECF357-8F09-454C-B27A-90276F0D0432}"
EndProject
Project("{2150E333-8FDC-42A3-9474-1A3956D46DE8}") = "Infrastructure", "Infrastructure", "{711C4F13-F472-4D0D-98A5-B3BE2BE5E4A7}"
EndProject
Project("{2150E333-8FDC-42A3-9474-1A3956D46DE8}") = "Front End", "Front End", "{909AAA79-19CA-4AFD-AB85-A85E64D5070F}"
EndProject
Project("{2150E333-8FDC-42A3-9474-1A3956D46DE8}") = "Tests", "Tests", "{C48AC207-82B5-42FC-867E-5BEE6F33E0A9}"
EndProject
Project("{FAE04EC0-301F-11D3-BF4B-00C04F79EFBC}") = "SendRecieveRequestsFromSquare", "SendRecieveRequestsFromSquare\SendRecieveRequestsFromSquare.csproj", "{F2861727-7BA7-4F37-8F70-B612FCA4138C}"
EndProject
Project("{FAE04EC0-301F-11D3-BF4B-00C04F79EFBC}") = "Utilities", "Utilities\Utilities.csproj", "{CA818338-0F6D-4A79-AB28-30F15F7983E1}"
EndProject
Project("{00D1A9C2-B5F0-4AF3-8072-F6C62B433612}") = "CashRegisterSqlExpress", "CashRegisterSqlExpress\CashRegisterSqlExpress.sqlproj", "{C1FB7429-D559-4556-965F-B7A13AD648F2}"
EndProject
Project("{FAE04EC0-301F-11D3-BF4B-00C04F79EFBC}") = "CashRegister.WebApi", "CashRegisterMVC\CashRegister.WebApi.csproj", "{0E2EED3C-29E0-4FD6-B602-116C88B06FF8}"
EndProject
Project("{FAE04EC0-301F-11D3-BF4B-00C04F79EFBC}") = "Services", "Services\Services.csproj", "{515E6F4A-DC63-44C2-A922-393A21BB4358}"
EndProject
Project("{FAE04EC0-301F-11D3-BF4B-00C04F79EFBC}") = "DapperDataAccess", "DapperDataAccess\DapperDataAccess.csproj", "{ECEC7F58-4AAD-4852-8BA2-5E43064342DF}"
EndProject
Project("{2150E333-8FDC-42A3-9474-1A3956D46DE8}") = "Services", "Services", "{AB54970B-CEBB-4C59-B88A-56160AA0F2B6}"
EndProject
Project("{FAE04EC0-301F-11D3-BF4B-00C04F79EFBC}") = "CashRegister.Angular", "CashRegister.Angular\CashRegister.Angular.csproj", "{EB7A58E6-E743-46FC-B67C-49BD478461DB}"
EndProject
Global
	GlobalSection(SolutionConfigurationPlatforms) = preSolution
		Debug|Any CPU = Debug|Any CPU
		Release|Any CPU = Release|Any CPU
	EndGlobalSection
	GlobalSection(ProjectConfigurationPlatforms) = postSolution
		{0BDE128E-0FB7-4EE0-A3D5-A449DC01D78E}.Debug|Any CPU.ActiveCfg = Debug|Any CPU
		{0BDE128E-0FB7-4EE0-A3D5-A449DC01D78E}.Debug|Any CPU.Build.0 = Debug|Any CPU
		{0BDE128E-0FB7-4EE0-A3D5-A449DC01D78E}.Release|Any CPU.ActiveCfg = Release|Any CPU
		{0BDE128E-0FB7-4EE0-A3D5-A449DC01D78E}.Release|Any CPU.Build.0 = Release|Any CPU
		{F2861727-7BA7-4F37-8F70-B612FCA4138C}.Debug|Any CPU.ActiveCfg = Debug|Any CPU
		{F2861727-7BA7-4F37-8F70-B612FCA4138C}.Debug|Any CPU.Build.0 = Debug|Any CPU
		{F2861727-7BA7-4F37-8F70-B612FCA4138C}.Release|Any CPU.ActiveCfg = Release|Any CPU
		{F2861727-7BA7-4F37-8F70-B612FCA4138C}.Release|Any CPU.Build.0 = Release|Any CPU
		{CA818338-0F6D-4A79-AB28-30F15F7983E1}.Debug|Any CPU.ActiveCfg = Debug|Any CPU
		{CA818338-0F6D-4A79-AB28-30F15F7983E1}.Debug|Any CPU.Build.0 = Debug|Any CPU
		{CA818338-0F6D-4A79-AB28-30F15F7983E1}.Release|Any CPU.ActiveCfg = Release|Any CPU
		{CA818338-0F6D-4A79-AB28-30F15F7983E1}.Release|Any CPU.Build.0 = Release|Any CPU
		{C1FB7429-D559-4556-965F-B7A13AD648F2}.Debug|Any CPU.ActiveCfg = Debug|Any CPU
		{C1FB7429-D559-4556-965F-B7A13AD648F2}.Debug|Any CPU.Build.0 = Debug|Any CPU
		{C1FB7429-D559-4556-965F-B7A13AD648F2}.Debug|Any CPU.Deploy.0 = Debug|Any CPU
		{C1FB7429-D559-4556-965F-B7A13AD648F2}.Release|Any CPU.ActiveCfg = Release|Any CPU
		{C1FB7429-D559-4556-965F-B7A13AD648F2}.Release|Any CPU.Build.0 = Release|Any CPU
		{C1FB7429-D559-4556-965F-B7A13AD648F2}.Release|Any CPU.Deploy.0 = Release|Any CPU
		{0E2EED3C-29E0-4FD6-B602-116C88B06FF8}.Debug|Any CPU.ActiveCfg = Debug|Any CPU
		{0E2EED3C-29E0-4FD6-B602-116C88B06FF8}.Debug|Any CPU.Build.0 = Debug|Any CPU
		{0E2EED3C-29E0-4FD6-B602-116C88B06FF8}.Release|Any CPU.ActiveCfg = Release|Any CPU
		{0E2EED3C-29E0-4FD6-B602-116C88B06FF8}.Release|Any CPU.Build.0 = Release|Any CPU
		{515E6F4A-DC63-44C2-A922-393A21BB4358}.Debug|Any CPU.ActiveCfg = Debug|Any CPU
		{515E6F4A-DC63-44C2-A922-393A21BB4358}.Debug|Any CPU.Build.0 = Debug|Any CPU
		{515E6F4A-DC63-44C2-A922-393A21BB4358}.Release|Any CPU.ActiveCfg = Release|Any CPU
		{515E6F4A-DC63-44C2-A922-393A21BB4358}.Release|Any CPU.Build.0 = Release|Any CPU
		{ECEC7F58-4AAD-4852-8BA2-5E43064342DF}.Debug|Any CPU.ActiveCfg = Debug|Any CPU
		{ECEC7F58-4AAD-4852-8BA2-5E43064342DF}.Debug|Any CPU.Build.0 = Debug|Any CPU
		{ECEC7F58-4AAD-4852-8BA2-5E43064342DF}.Release|Any CPU.ActiveCfg = Release|Any CPU
		{ECEC7F58-4AAD-4852-8BA2-5E43064342DF}.Release|Any CPU.Build.0 = Release|Any CPU
		{EB7A58E6-E743-46FC-B67C-49BD478461DB}.Debug|Any CPU.ActiveCfg = Debug|Any CPU
		{EB7A58E6-E743-46FC-B67C-49BD478461DB}.Debug|Any CPU.Build.0 = Debug|Any CPU
		{EB7A58E6-E743-46FC-B67C-49BD478461DB}.Release|Any CPU.ActiveCfg = Release|Any CPU
		{EB7A58E6-E743-46FC-B67C-49BD478461DB}.Release|Any CPU.Build.0 = Release|Any CPU
	EndGlobalSection
	GlobalSection(SolutionProperties) = preSolution
		HideSolutionNode = FALSE
	EndGlobalSection
	GlobalSection(NestedProjects) = preSolution
		{0BDE128E-0FB7-4EE0-A3D5-A449DC01D78E} = {DFECF357-8F09-454C-B27A-90276F0D0432}
		{F2861727-7BA7-4F37-8F70-B612FCA4138C} = {C48AC207-82B5-42FC-867E-5BEE6F33E0A9}
		{CA818338-0F6D-4A79-AB28-30F15F7983E1} = {711C4F13-F472-4D0D-98A5-B3BE2BE5E4A7}
		{C1FB7429-D559-4556-965F-B7A13AD648F2} = {711C4F13-F472-4D0D-98A5-B3BE2BE5E4A7}
		{0E2EED3C-29E0-4FD6-B602-116C88B06FF8} = {AB54970B-CEBB-4C59-B88A-56160AA0F2B6}
		{515E6F4A-DC63-44C2-A922-393A21BB4358} = {AB54970B-CEBB-4C59-B88A-56160AA0F2B6}
		{ECEC7F58-4AAD-4852-8BA2-5E43064342DF} = {711C4F13-F472-4D0D-98A5-B3BE2BE5E4A7}
		{EB7A58E6-E743-46FC-B67C-49BD478461DB} = {909AAA79-19CA-4AFD-AB85-A85E64D5070F}
	EndGlobalSection
EndGlobal
