
Microsoft Visual Studio Solution File, Format Version 12.00
# Visual Studio 14
VisualStudioVersion = 14.0.23107.0
MinimumVisualStudioVersion = 10.0.40219.1
Project("{FAE04EC0-301F-11D3-BF4B-00C04F79EFBC}") = "CashRegister.Core", "Core\CashRegister.Core.csproj", "{0BDE128E-0FB7-4EE0-A3D5-A449DC01D78E}"
EndProject
Project("{FAE04EC0-301F-11D3-BF4B-00C04F79EFBC}") = "CashRegisterWebUI", "CashRegisterWebUI\CashRegisterWebUI.csproj", "{A99E70CF-DC6B-48C0-844D-0072F1DE92C3}"
EndProject
Project("{2150E333-8FDC-42A3-9474-1A3956D46DE8}") = "Core", "Core", "{DFECF357-8F09-454C-B27A-90276F0D0432}"
EndProject
Project("{2150E333-8FDC-42A3-9474-1A3956D46DE8}") = "Infrastructure", "Infrastructure", "{711C4F13-F472-4D0D-98A5-B3BE2BE5E4A7}"
EndProject
Project("{FAE04EC0-301F-11D3-BF4B-00C04F79EFBC}") = "CashRegister.Infrastructure", "CashRegister.Infrastructure\CashRegister.Infrastructure.csproj", "{E0CD51E9-34AA-449C-B353-93224FCDDB8A}"
EndProject
Project("{2150E333-8FDC-42A3-9474-1A3956D46DE8}") = "Front End", "Front End", "{909AAA79-19CA-4AFD-AB85-A85E64D5070F}"
EndProject
Project("{FAE04EC0-301F-11D3-BF4B-00C04F79EFBC}") = "CashRegisterDesktopApp", "CashRegisterDesktopApp\CashRegisterDesktopApp.csproj", "{C019BAAC-9DC5-445E-A346-12CD8E6CC375}"
EndProject
Project("{2150E333-8FDC-42A3-9474-1A3956D46DE8}") = "Tests", "Tests", "{C48AC207-82B5-42FC-867E-5BEE6F33E0A9}"
EndProject
Project("{FAE04EC0-301F-11D3-BF4B-00C04F79EFBC}") = "SendRecieveRequestsFromSquare", "SendRecieveRequestsFromSquare\SendRecieveRequestsFromSquare.csproj", "{F2861727-7BA7-4F37-8F70-B612FCA4138C}"
EndProject
Project("{FAE04EC0-301F-11D3-BF4B-00C04F79EFBC}") = "Utilities", "Utilities\Utilities.csproj", "{CA818338-0F6D-4A79-AB28-30F15F7983E1}"
EndProject
Project("{FAE04EC0-301F-11D3-BF4B-00C04F79EFBC}") = "InfrastructureUnitTests", "InfrastructureUnitTests\InfrastructureUnitTests.csproj", "{E33C2451-ED15-44F3-8F14-02118B479563}"
EndProject
Global
	GlobalSection(SolutionConfigurationPlatforms) = preSolution
		Debug|Any CPU = Debug|Any CPU
		Release|Any CPU = Release|Any CPU
	EndGlobalSection
	GlobalSection(ProjectConfigurationPlatforms) = postSolution
		{0BDE128E-0FB7-4EE0-A3D5-A449DC01D78E}.Debug|Any CPU.ActiveCfg = Debug|Any CPU
		{0BDE128E-0FB7-4EE0-A3D5-A449DC01D78E}.Debug|Any CPU.Build.0 = Debug|Any CPU
		{0BDE128E-0FB7-4EE0-A3D5-A449DC01D78E}.Release|Any CPU.ActiveCfg = Release|Any CPU
		{0BDE128E-0FB7-4EE0-A3D5-A449DC01D78E}.Release|Any CPU.Build.0 = Release|Any CPU
		{A99E70CF-DC6B-48C0-844D-0072F1DE92C3}.Debug|Any CPU.ActiveCfg = Debug|Any CPU
		{A99E70CF-DC6B-48C0-844D-0072F1DE92C3}.Debug|Any CPU.Build.0 = Debug|Any CPU
		{A99E70CF-DC6B-48C0-844D-0072F1DE92C3}.Release|Any CPU.ActiveCfg = Release|Any CPU
		{A99E70CF-DC6B-48C0-844D-0072F1DE92C3}.Release|Any CPU.Build.0 = Release|Any CPU
		{E0CD51E9-34AA-449C-B353-93224FCDDB8A}.Debug|Any CPU.ActiveCfg = Debug|Any CPU
		{E0CD51E9-34AA-449C-B353-93224FCDDB8A}.Debug|Any CPU.Build.0 = Debug|Any CPU
		{E0CD51E9-34AA-449C-B353-93224FCDDB8A}.Release|Any CPU.ActiveCfg = Release|Any CPU
		{E0CD51E9-34AA-449C-B353-93224FCDDB8A}.Release|Any CPU.Build.0 = Release|Any CPU
		{C019BAAC-9DC5-445E-A346-12CD8E6CC375}.Debug|Any CPU.ActiveCfg = Debug|Any CPU
		{C019BAAC-9DC5-445E-A346-12CD8E6CC375}.Debug|Any CPU.Build.0 = Debug|Any CPU
		{C019BAAC-9DC5-445E-A346-12CD8E6CC375}.Release|Any CPU.ActiveCfg = Release|Any CPU
		{C019BAAC-9DC5-445E-A346-12CD8E6CC375}.Release|Any CPU.Build.0 = Release|Any CPU
		{F2861727-7BA7-4F37-8F70-B612FCA4138C}.Debug|Any CPU.ActiveCfg = Debug|Any CPU
		{F2861727-7BA7-4F37-8F70-B612FCA4138C}.Debug|Any CPU.Build.0 = Debug|Any CPU
		{F2861727-7BA7-4F37-8F70-B612FCA4138C}.Release|Any CPU.ActiveCfg = Release|Any CPU
		{F2861727-7BA7-4F37-8F70-B612FCA4138C}.Release|Any CPU.Build.0 = Release|Any CPU
		{CA818338-0F6D-4A79-AB28-30F15F7983E1}.Debug|Any CPU.ActiveCfg = Debug|Any CPU
		{CA818338-0F6D-4A79-AB28-30F15F7983E1}.Debug|Any CPU.Build.0 = Debug|Any CPU
		{CA818338-0F6D-4A79-AB28-30F15F7983E1}.Release|Any CPU.ActiveCfg = Release|Any CPU
		{CA818338-0F6D-4A79-AB28-30F15F7983E1}.Release|Any CPU.Build.0 = Release|Any CPU
		{E33C2451-ED15-44F3-8F14-02118B479563}.Debug|Any CPU.ActiveCfg = Debug|Any CPU
		{E33C2451-ED15-44F3-8F14-02118B479563}.Debug|Any CPU.Build.0 = Debug|Any CPU
		{E33C2451-ED15-44F3-8F14-02118B479563}.Release|Any CPU.ActiveCfg = Release|Any CPU
		{E33C2451-ED15-44F3-8F14-02118B479563}.Release|Any CPU.Build.0 = Release|Any CPU
	EndGlobalSection
	GlobalSection(SolutionProperties) = preSolution
		HideSolutionNode = FALSE
	EndGlobalSection
	GlobalSection(NestedProjects) = preSolution
		{0BDE128E-0FB7-4EE0-A3D5-A449DC01D78E} = {DFECF357-8F09-454C-B27A-90276F0D0432}
		{A99E70CF-DC6B-48C0-844D-0072F1DE92C3} = {909AAA79-19CA-4AFD-AB85-A85E64D5070F}
		{E0CD51E9-34AA-449C-B353-93224FCDDB8A} = {711C4F13-F472-4D0D-98A5-B3BE2BE5E4A7}
		{C019BAAC-9DC5-445E-A346-12CD8E6CC375} = {909AAA79-19CA-4AFD-AB85-A85E64D5070F}
		{F2861727-7BA7-4F37-8F70-B612FCA4138C} = {C48AC207-82B5-42FC-867E-5BEE6F33E0A9}
		{CA818338-0F6D-4A79-AB28-30F15F7983E1} = {711C4F13-F472-4D0D-98A5-B3BE2BE5E4A7}
		{E33C2451-ED15-44F3-8F14-02118B479563} = {711C4F13-F472-4D0D-98A5-B3BE2BE5E4A7}
	EndGlobalSection
EndGlobal
